github.com/golang/groupcache v0.0.0-20190129154638-5b532d6fd5ef h1:veQD95Isof8w9/WXiA+pa3tz3fJXkt5B7QaRBrM62gk=
github.com/golang/groupcache v0.0.0-20190129154638-5b532d6fd5ef/go.mod h1:cIg4eruTrX1D+g88fzRXU5OdNfaM+9IcxsU14FzY7Hc=
github.com/jackpal/bencode-go v0.0.0-20180813173944-227668e840fa h1:ym9I4Q1lJG8nu+j5R2H6mHOfVjYbSiwUOzh/AFs3Xfs=
github.com/jackpal/bencode-go v0.0.0-20180813173944-227668e840fa/go.mod h1:5FSBQ74yhCl5oQ+QxRPYzWMONFnxbL68/23eezsBI5c=
github.com/nictuku/nettools v0.0.0-20150117095333-8867a2107ad3 h1:q6P6rwaWsdWQlaDt0DYPtmpj37fq2S4/IrZQO0zx488=
github.com/nictuku/nettools v0.0.0-20150117095333-8867a2107ad3/go.mod h1:m19Kd92g5zm0IuGkdZo/OHBSPp9mqGlevOJu00nBoYs=
github.com/youtube/vitess v2.1.1+incompatible h1:SE+P7DNX/jw5RHFs5CHRhZQjq402EJFCD33JhzQMdDw=
github.com/youtube/vitess v2.1.1+incompatible/go.mod h1:hpMim5/30F1r+0P8GGtB29d0gWHr0IZ5unS+CG0zMx8=
